
Microsoft Visual Studio Solution File, Format Version 12.00
# Visual Studio Version 16
VisualStudioVersion = 16.0.29326.143
MinimumVisualStudioVersion = 10.0.40219.1
Project("{9A19103F-16F7-4668-BE54-9A1E7A4F7556}") = "Regexp", "Lab1_Regexp\Regexp.csproj", "{5D5D07FD-883C-4555-84E8-9EF515D96782}"
EndProject
Project("{9A19103F-16F7-4668-BE54-9A1E7A4F7556}") = "Tests", "Tests\Tests.csproj", "{4508932A-3617-4FB8-8087-27B42BD355B8}"
EndProject
Global
	GlobalSection(SolutionConfigurationPlatforms) = preSolution
		Debug|Any CPU = Debug|Any CPU
		Release|Any CPU = Release|Any CPU
	EndGlobalSection
	GlobalSection(ProjectConfigurationPlatforms) = postSolution
		{5D5D07FD-883C-4555-84E8-9EF515D96782}.Debug|Any CPU.ActiveCfg = Debug|Any CPU
		{5D5D07FD-883C-4555-84E8-9EF515D96782}.Debug|Any CPU.Build.0 = Debug|Any CPU
		{5D5D07FD-883C-4555-84E8-9EF515D96782}.Release|Any CPU.ActiveCfg = Release|Any CPU
		{5D5D07FD-883C-4555-84E8-9EF515D96782}.Release|Any CPU.Build.0 = Release|Any CPU
		{4508932A-3617-4FB8-8087-27B42BD355B8}.Debug|Any CPU.ActiveCfg = Debug|Any CPU
		{4508932A-3617-4FB8-8087-27B42BD355B8}.Debug|Any CPU.Build.0 = Debug|Any CPU
		{4508932A-3617-4FB8-8087-27B42BD355B8}.Release|Any CPU.ActiveCfg = Release|Any CPU
		{4508932A-3617-4FB8-8087-27B42BD355B8}.Release|Any CPU.Build.0 = Release|Any CPU
	EndGlobalSection
	GlobalSection(SolutionProperties) = preSolution
		HideSolutionNode = FALSE
	EndGlobalSection
	GlobalSection(ExtensibilityGlobals) = postSolution
		SolutionGuid = {7EF1CABA-8B85-4E70-B6B6-8E93B789F233}
	EndGlobalSection
EndGlobal
