
Microsoft Visual Studio Solution File, Format Version 12.00
# Visual Studio Version 16
VisualStudioVersion = 16.0.29920.165
MinimumVisualStudioVersion = 10.0.40219.1
Project("{9A19103F-16F7-4668-BE54-9A1E7A4F7556}") = "Lab3_Descending", "Lab3_Descending\Lab3_Descending.csproj", "{94FA17FF-384B-4F6E-9C48-664BE60AF37B}"
EndProject
Project("{FAE04EC0-301F-11D3-BF4B-00C04F79EFBC}") = "Tests", "Tests\Tests.csproj", "{EE5CEEF4-E325-4C25-A41D-0DCEB11CC621}"
EndProject
Global
	GlobalSection(SolutionConfigurationPlatforms) = preSolution
		Debug|Any CPU = Debug|Any CPU
		Release|Any CPU = Release|Any CPU
	EndGlobalSection
	GlobalSection(ProjectConfigurationPlatforms) = postSolution
		{94FA17FF-384B-4F6E-9C48-664BE60AF37B}.Debug|Any CPU.ActiveCfg = Debug|Any CPU
		{94FA17FF-384B-4F6E-9C48-664BE60AF37B}.Debug|Any CPU.Build.0 = Debug|Any CPU
		{94FA17FF-384B-4F6E-9C48-664BE60AF37B}.Release|Any CPU.ActiveCfg = Release|Any CPU
		{94FA17FF-384B-4F6E-9C48-664BE60AF37B}.Release|Any CPU.Build.0 = Release|Any CPU
		{EE5CEEF4-E325-4C25-A41D-0DCEB11CC621}.Debug|Any CPU.ActiveCfg = Debug|Any CPU
		{EE5CEEF4-E325-4C25-A41D-0DCEB11CC621}.Debug|Any CPU.Build.0 = Debug|Any CPU
		{EE5CEEF4-E325-4C25-A41D-0DCEB11CC621}.Release|Any CPU.ActiveCfg = Release|Any CPU
		{EE5CEEF4-E325-4C25-A41D-0DCEB11CC621}.Release|Any CPU.Build.0 = Release|Any CPU
	EndGlobalSection
	GlobalSection(SolutionProperties) = preSolution
		HideSolutionNode = FALSE
	EndGlobalSection
	GlobalSection(ExtensibilityGlobals) = postSolution
		SolutionGuid = {96BF68E6-F32B-4A9C-AA49-DC9D518D53FD}
	EndGlobalSection
EndGlobal
